
Microsoft Visual Studio Solution File, Format Version 12.00
# Visual Studio Version 17
VisualStudioVersion = 17.14.36603.0
MinimumVisualStudioVersion = 10.0.40219.1
Project("{FAE04EC0-301F-11D3-BF4B-00C04F79EFBC}") = "GeometricObjectsSolution", "GeometricObjectsSolution\GeometricObjectsSolution.csproj", "{DDCDB4A7-2E74-47AE-B4F8-E920D6103282}"
EndProject
Project("{FAE04EC0-301F-11D3-BF4B-00C04F79EFBC}") = "AuflistungsKlassen", "AuflistungsKlassen\AuflistungsKlassen.csproj", "{930740CE-C949-4D41-9E58-1082529ED129}"
EndProject
Global
	GlobalSection(SolutionConfigurationPlatforms) = preSolution
		Debug|Any CPU = Debug|Any CPU
		Release|Any CPU = Release|Any CPU
	EndGlobalSection
	GlobalSection(ProjectConfigurationPlatforms) = postSolution
		{DDCDB4A7-2E74-47AE-B4F8-E920D6103282}.Debug|Any CPU.ActiveCfg = Debug|Any CPU
		{DDCDB4A7-2E74-47AE-B4F8-E920D6103282}.Debug|Any CPU.Build.0 = Debug|Any CPU
		{DDCDB4A7-2E74-47AE-B4F8-E920D6103282}.Release|Any CPU.ActiveCfg = Release|Any CPU
		{DDCDB4A7-2E74-47AE-B4F8-E920D6103282}.Release|Any CPU.Build.0 = Release|Any CPU
		{930740CE-C949-4D41-9E58-1082529ED129}.Debug|Any CPU.ActiveCfg = Debug|Any CPU
		{930740CE-C949-4D41-9E58-1082529ED129}.Debug|Any CPU.Build.0 = Debug|Any CPU
		{930740CE-C949-4D41-9E58-1082529ED129}.Release|Any CPU.ActiveCfg = Release|Any CPU
		{930740CE-C949-4D41-9E58-1082529ED129}.Release|Any CPU.Build.0 = Release|Any CPU
	EndGlobalSection
	GlobalSection(SolutionProperties) = preSolution
		HideSolutionNode = FALSE
	EndGlobalSection
	GlobalSection(ExtensibilityGlobals) = postSolution
		SolutionGuid = {4494D420-84CA-4273-8309-FA95BD5D7457}
	EndGlobalSection
EndGlobal
